
Microsoft Visual Studio Solution File, Format Version 12.00
# Visual Studio Version 16
VisualStudioVersion = 16.0.28803.202
MinimumVisualStudioVersion = 10.0.40219.1
Project("{FAE04EC0-301F-11D3-BF4B-00C04F79EFBC}") = "ShopApp1", "ShopApp1\ShopApp1.csproj", "{AB0C71C4-F0B3-40C7-B53C-80F60FB49256}"
EndProject
Global
	GlobalSection(SolutionConfigurationPlatforms) = preSolution
		Debug|Any CPU = Debug|Any CPU
		Release|Any CPU = Release|Any CPU
	EndGlobalSection
	GlobalSection(ProjectConfigurationPlatforms) = postSolution
		{AB0C71C4-F0B3-40C7-B53C-80F60FB49256}.Debug|Any CPU.ActiveCfg = Debug|Any CPU
		{AB0C71C4-F0B3-40C7-B53C-80F60FB49256}.Debug|Any CPU.Build.0 = Debug|Any CPU
		{AB0C71C4-F0B3-40C7-B53C-80F60FB49256}.Release|Any CPU.ActiveCfg = Release|Any CPU
		{AB0C71C4-F0B3-40C7-B53C-80F60FB49256}.Release|Any CPU.Build.0 = Release|Any CPU
	EndGlobalSection
	GlobalSection(SolutionProperties) = preSolution
		HideSolutionNode = FALSE
	EndGlobalSection
	GlobalSection(ExtensibilityGlobals) = postSolution
		SolutionGuid = {5AD47DD4-96BD-4728-A65F-B1EC6E980DE3}
	EndGlobalSection
EndGlobal
